
Microsoft Visual Studio Solution File, Format Version 12.00
# Visual Studio Version 17
VisualStudioVersion = 17.0.31903.59
MinimumVisualStudioVersion = 10.0.40219.1
Project("{2150E333-8FDC-42A3-9474-1A3956D46DE8}") = "src", "src", "{827E0CD3-B72D-47B6-A68D-7590B98EB39B}"
EndProject
Project("{FAE04EC0-301F-11D3-BF4B-00C04F79EFBC}") = "HealthBr.Domain", "src\HealthBr.Domain\HealthBr.Domain.csproj", "{F709E277-A1E0-426F-B091-195DBE46AE64}"
EndProject
Project("{FAE04EC0-301F-11D3-BF4B-00C04F79EFBC}") = "HealthBr.Application", "src\HealthBr.Application\HealthBr.Application.csproj", "{8E57CA29-E05A-403D-8DD7-D0984791C65C}"
EndProject
Project("{FAE04EC0-301F-11D3-BF4B-00C04F79EFBC}") = "HealthBr.Infrastructure", "src\HealthBr.Infrastructure\HealthBr.Infrastructure.csproj", "{46F22AE5-7EB5-4C8D-A9F0-4CF369F4D6D9}"
EndProject
Project("{FAE04EC0-301F-11D3-BF4B-00C04F79EFBC}") = "HealthBr.Api", "src\HealthBr.Api\HealthBr.Api.csproj", "{533791A5-71DB-4CA3-A6E9-F0DB4E8A60EC}"
EndProject
Project("{2150E333-8FDC-42A3-9474-1A3956D46DE8}") = "tests", "tests", "{0AB3BF05-4346-4AA6-1389-037BE0695223}"
EndProject
Project("{FAE04EC0-301F-11D3-BF4B-00C04F79EFBC}") = "HealthBr.UnitTests", "tests\HealthBr.UnitTests\HealthBr.UnitTests.csproj", "{0B697F0D-FB20-4CAE-84C7-1829E42D6722}"
EndProject
Project("{FAE04EC0-301F-11D3-BF4B-00C04F79EFBC}") = "HealthBr.IntegrationTests", "tests\HealthBr.IntegrationTests\HealthBr.IntegrationTests.csproj", "{A63D99C9-A49B-41F2-87D4-B72B17DC15A8}"
EndProject
Global
	GlobalSection(SolutionConfigurationPlatforms) = preSolution
		Debug|Any CPU = Debug|Any CPU
		Debug|x64 = Debug|x64
		Debug|x86 = Debug|x86
		Release|Any CPU = Release|Any CPU
		Release|x64 = Release|x64
		Release|x86 = Release|x86
	EndGlobalSection
	GlobalSection(ProjectConfigurationPlatforms) = postSolution
		{F709E277-A1E0-426F-B091-195DBE46AE64}.Debug|Any CPU.ActiveCfg = Debug|Any CPU
		{F709E277-A1E0-426F-B091-195DBE46AE64}.Debug|Any CPU.Build.0 = Debug|Any CPU
		{F709E277-A1E0-426F-B091-195DBE46AE64}.Debug|x64.ActiveCfg = Debug|Any CPU
		{F709E277-A1E0-426F-B091-195DBE46AE64}.Debug|x64.Build.0 = Debug|Any CPU
		{F709E277-A1E0-426F-B091-195DBE46AE64}.Debug|x86.ActiveCfg = Debug|Any CPU
		{F709E277-A1E0-426F-B091-195DBE46AE64}.Debug|x86.Build.0 = Debug|Any CPU
		{F709E277-A1E0-426F-B091-195DBE46AE64}.Release|Any CPU.ActiveCfg = Release|Any CPU
		{F709E277-A1E0-426F-B091-195DBE46AE64}.Release|Any CPU.Build.0 = Release|Any CPU
		{F709E277-A1E0-426F-B091-195DBE46AE64}.Release|x64.ActiveCfg = Release|Any CPU
		{F709E277-A1E0-426F-B091-195DBE46AE64}.Release|x64.Build.0 = Release|Any CPU
		{F709E277-A1E0-426F-B091-195DBE46AE64}.Release|x86.ActiveCfg = Release|Any CPU
		{F709E277-A1E0-426F-B091-195DBE46AE64}.Release|x86.Build.0 = Release|Any CPU
		{8E57CA29-E05A-403D-8DD7-D0984791C65C}.Debug|Any CPU.ActiveCfg = Debug|Any CPU
		{8E57CA29-E05A-403D-8DD7-D0984791C65C}.Debug|Any CPU.Build.0 = Debug|Any CPU
		{8E57CA29-E05A-403D-8DD7-D0984791C65C}.Debug|x64.ActiveCfg = Debug|Any CPU
		{8E57CA29-E05A-403D-8DD7-D0984791C65C}.Debug|x64.Build.0 = Debug|Any CPU
		{8E57CA29-E05A-403D-8DD7-D0984791C65C}.Debug|x86.ActiveCfg = Debug|Any CPU
		{8E57CA29-E05A-403D-8DD7-D0984791C65C}.Debug|x86.Build.0 = Debug|Any CPU
		{8E57CA29-E05A-403D-8DD7-D0984791C65C}.Release|Any CPU.ActiveCfg = Release|Any CPU
		{8E57CA29-E05A-403D-8DD7-D0984791C65C}.Release|Any CPU.Build.0 = Release|Any CPU
		{8E57CA29-E05A-403D-8DD7-D0984791C65C}.Release|x64.ActiveCfg = Release|Any CPU
		{8E57CA29-E05A-403D-8DD7-D0984791C65C}.Release|x64.Build.0 = Release|Any CPU
		{8E57CA29-E05A-403D-8DD7-D0984791C65C}.Release|x86.ActiveCfg = Release|Any CPU
		{8E57CA29-E05A-403D-8DD7-D0984791C65C}.Release|x86.Build.0 = Release|Any CPU
		{46F22AE5-7EB5-4C8D-A9F0-4CF369F4D6D9}.Debug|Any CPU.ActiveCfg = Debug|Any CPU
		{46F22AE5-7EB5-4C8D-A9F0-4CF369F4D6D9}.Debug|Any CPU.Build.0 = Debug|Any CPU
		{46F22AE5-7EB5-4C8D-A9F0-4CF369F4D6D9}.Debug|x64.ActiveCfg = Debug|Any CPU
		{46F22AE5-7EB5-4C8D-A9F0-4CF369F4D6D9}.Debug|x64.Build.0 = Debug|Any CPU
		{46F22AE5-7EB5-4C8D-A9F0-4CF369F4D6D9}.Debug|x86.ActiveCfg = Debug|Any CPU
		{46F22AE5-7EB5-4C8D-A9F0-4CF369F4D6D9}.Debug|x86.Build.0 = Debug|Any CPU
		{46F22AE5-7EB5-4C8D-A9F0-4CF369F4D6D9}.Release|Any CPU.ActiveCfg = Release|Any CPU
		{46F22AE5-7EB5-4C8D-A9F0-4CF369F4D6D9}.Release|Any CPU.Build.0 = Release|Any CPU
		{46F22AE5-7EB5-4C8D-A9F0-4CF369F4D6D9}.Release|x64.ActiveCfg = Release|Any CPU
		{46F22AE5-7EB5-4C8D-A9F0-4CF369F4D6D9}.Release|x64.Build.0 = Release|Any CPU
		{46F22AE5-7EB5-4C8D-A9F0-4CF369F4D6D9}.Release|x86.ActiveCfg = Release|Any CPU
		{46F22AE5-7EB5-4C8D-A9F0-4CF369F4D6D9}.Release|x86.Build.0 = Release|Any CPU
		{533791A5-71DB-4CA3-A6E9-F0DB4E8A60EC}.Debug|Any CPU.ActiveCfg = Debug|Any CPU
		{533791A5-71DB-4CA3-A6E9-F0DB4E8A60EC}.Debug|Any CPU.Build.0 = Debug|Any CPU
		{533791A5-71DB-4CA3-A6E9-F0DB4E8A60EC}.Debug|x64.ActiveCfg = Debug|Any CPU
		{533791A5-71DB-4CA3-A6E9-F0DB4E8A60EC}.Debug|x64.Build.0 = Debug|Any CPU
		{533791A5-71DB-4CA3-A6E9-F0DB4E8A60EC}.Debug|x86.ActiveCfg = Debug|Any CPU
		{533791A5-71DB-4CA3-A6E9-F0DB4E8A60EC}.Debug|x86.Build.0 = Debug|Any CPU
		{533791A5-71DB-4CA3-A6E9-F0DB4E8A60EC}.Release|Any CPU.ActiveCfg = Release|Any CPU
		{533791A5-71DB-4CA3-A6E9-F0DB4E8A60EC}.Release|Any CPU.Build.0 = Release|Any CPU
		{533791A5-71DB-4CA3-A6E9-F0DB4E8A60EC}.Release|x64.ActiveCfg = Release|Any CPU
		{533791A5-71DB-4CA3-A6E9-F0DB4E8A60EC}.Release|x64.Build.0 = Release|Any CPU
		{533791A5-71DB-4CA3-A6E9-F0DB4E8A60EC}.Release|x86.ActiveCfg = Release|Any CPU
		{533791A5-71DB-4CA3-A6E9-F0DB4E8A60EC}.Release|x86.Build.0 = Release|Any CPU
		{0B697F0D-FB20-4CAE-84C7-1829E42D6722}.Debug|Any CPU.ActiveCfg = Debug|Any CPU
		{0B697F0D-FB20-4CAE-84C7-1829E42D6722}.Debug|Any CPU.Build.0 = Debug|Any CPU
		{0B697F0D-FB20-4CAE-84C7-1829E42D6722}.Debug|x64.ActiveCfg = Debug|Any CPU
		{0B697F0D-FB20-4CAE-84C7-1829E42D6722}.Debug|x64.Build.0 = Debug|Any CPU
		{0B697F0D-FB20-4CAE-84C7-1829E42D6722}.Debug|x86.ActiveCfg = Debug|Any CPU
		{0B697F0D-FB20-4CAE-84C7-1829E42D6722}.Debug|x86.Build.0 = Debug|Any CPU
		{0B697F0D-FB20-4CAE-84C7-1829E42D6722}.Release|Any CPU.ActiveCfg = Release|Any CPU
		{0B697F0D-FB20-4CAE-84C7-1829E42D6722}.Release|Any CPU.Build.0 = Release|Any CPU
		{0B697F0D-FB20-4CAE-84C7-1829E42D6722}.Release|x64.ActiveCfg = Release|Any CPU
		{0B697F0D-FB20-4CAE-84C7-1829E42D6722}.Release|x64.Build.0 = Release|Any CPU
		{0B697F0D-FB20-4CAE-84C7-1829E42D6722}.Release|x86.ActiveCfg = Release|Any CPU
		{0B697F0D-FB20-4CAE-84C7-1829E42D6722}.Release|x86.Build.0 = Release|Any CPU
		{A63D99C9-A49B-41F2-87D4-B72B17DC15A8}.Debug|Any CPU.ActiveCfg = Debug|Any CPU
		{A63D99C9-A49B-41F2-87D4-B72B17DC15A8}.Debug|Any CPU.Build.0 = Debug|Any CPU
		{A63D99C9-A49B-41F2-87D4-B72B17DC15A8}.Debug|x64.ActiveCfg = Debug|Any CPU
		{A63D99C9-A49B-41F2-87D4-B72B17DC15A8}.Debug|x64.Build.0 = Debug|Any CPU
		{A63D99C9-A49B-41F2-87D4-B72B17DC15A8}.Debug|x86.ActiveCfg = Debug|Any CPU
		{A63D99C9-A49B-41F2-87D4-B72B17DC15A8}.Debug|x86.Build.0 = Debug|Any CPU
		{A63D99C9-A49B-41F2-87D4-B72B17DC15A8}.Release|Any CPU.ActiveCfg = Release|Any CPU
		{A63D99C9-A49B-41F2-87D4-B72B17DC15A8}.Release|Any CPU.Build.0 = Release|Any CPU
		{A63D99C9-A49B-41F2-87D4-B72B17DC15A8}.Release|x64.ActiveCfg = Release|Any CPU
		{A63D99C9-A49B-41F2-87D4-B72B17DC15A8}.Release|x64.Build.0 = Release|Any CPU
		{A63D99C9-A49B-41F2-87D4-B72B17DC15A8}.Release|x86.ActiveCfg = Release|Any CPU
		{A63D99C9-A49B-41F2-87D4-B72B17DC15A8}.Release|x86.Build.0 = Release|Any CPU
	EndGlobalSection
	GlobalSection(SolutionProperties) = preSolution
		HideSolutionNode = FALSE
	EndGlobalSection
	GlobalSection(NestedProjects) = preSolution
		{F709E277-A1E0-426F-B091-195DBE46AE64} = {827E0CD3-B72D-47B6-A68D-7590B98EB39B}
		{8E57CA29-E05A-403D-8DD7-D0984791C65C} = {827E0CD3-B72D-47B6-A68D-7590B98EB39B}
		{46F22AE5-7EB5-4C8D-A9F0-4CF369F4D6D9} = {827E0CD3-B72D-47B6-A68D-7590B98EB39B}
		{533791A5-71DB-4CA3-A6E9-F0DB4E8A60EC} = {827E0CD3-B72D-47B6-A68D-7590B98EB39B}
		{0B697F0D-FB20-4CAE-84C7-1829E42D6722} = {0AB3BF05-4346-4AA6-1389-037BE0695223}
		{A63D99C9-A49B-41F2-87D4-B72B17DC15A8} = {0AB3BF05-4346-4AA6-1389-037BE0695223}
	EndGlobalSection
EndGlobal
